
Microsoft Visual Studio Solution File, Format Version 12.00
# Visual Studio Version 17
VisualStudioVersion = 17.7.34031.279
MinimumVisualStudioVersion = 10.0.40219.1
Project("{FAE04EC0-301F-11D3-BF4B-00C04F79EFBC}") = "API", "API.csproj", "{D75BE935-95C6-43CB-B666-984D689634F4}"
EndProject
Project("{FAE04EC0-301F-11D3-BF4B-00C04F79EFBC}") = "DAL", "..\DAL\DAL.csproj", "{583A8F98-B194-408B-805E-9BAFFED02589}"
EndProject
Global
	GlobalSection(SolutionConfigurationPlatforms) = preSolution
		Debug|Any CPU = Debug|Any CPU
		Release|Any CPU = Release|Any CPU
	EndGlobalSection
	GlobalSection(ProjectConfigurationPlatforms) = postSolution
		{D75BE935-95C6-43CB-B666-984D689634F4}.Debug|Any CPU.ActiveCfg = Debug|Any CPU
		{D75BE935-95C6-43CB-B666-984D689634F4}.Debug|Any CPU.Build.0 = Debug|Any CPU
		{D75BE935-95C6-43CB-B666-984D689634F4}.Release|Any CPU.ActiveCfg = Release|Any CPU
		{D75BE935-95C6-43CB-B666-984D689634F4}.Release|Any CPU.Build.0 = Release|Any CPU
		{583A8F98-B194-408B-805E-9BAFFED02589}.Debug|Any CPU.ActiveCfg = Debug|Any CPU
		{583A8F98-B194-408B-805E-9BAFFED02589}.Debug|Any CPU.Build.0 = Debug|Any CPU
		{583A8F98-B194-408B-805E-9BAFFED02589}.Release|Any CPU.ActiveCfg = Release|Any CPU
		{583A8F98-B194-408B-805E-9BAFFED02589}.Release|Any CPU.Build.0 = Release|Any CPU
	EndGlobalSection
	GlobalSection(SolutionProperties) = preSolution
		HideSolutionNode = FALSE
	EndGlobalSection
	GlobalSection(ExtensibilityGlobals) = postSolution
		SolutionGuid = {9FF93848-1C2A-4A4D-92D3-326FD90A4009}
	EndGlobalSection
EndGlobal
